
Microsoft Visual Studio Solution File, Format Version 12.00
# Visual Studio Version 16
VisualStudioVersion = 16.0.31313.79
MinimumVisualStudioVersion = 10.0.40219.1
Project("{FAE04EC0-301F-11D3-BF4B-00C04F79EFBC}") = "CourseLibrara.API", "CourseLibrara.API\CourseLibrara.API.csproj", "{9C0D517B-46B2-4BF9-AA69-7791799F19E1}"
EndProject
Global
	GlobalSection(SolutionConfigurationPlatforms) = preSolution
		Debug|Any CPU = Debug|Any CPU
		Release|Any CPU = Release|Any CPU
	EndGlobalSection
	GlobalSection(ProjectConfigurationPlatforms) = postSolution
		{9C0D517B-46B2-4BF9-AA69-7791799F19E1}.Debug|Any CPU.ActiveCfg = Debug|Any CPU
		{9C0D517B-46B2-4BF9-AA69-7791799F19E1}.Debug|Any CPU.Build.0 = Debug|Any CPU
		{9C0D517B-46B2-4BF9-AA69-7791799F19E1}.Release|Any CPU.ActiveCfg = Release|Any CPU
		{9C0D517B-46B2-4BF9-AA69-7791799F19E1}.Release|Any CPU.Build.0 = Release|Any CPU
	EndGlobalSection
	GlobalSection(SolutionProperties) = preSolution
		HideSolutionNode = FALSE
	EndGlobalSection
	GlobalSection(ExtensibilityGlobals) = postSolution
		SolutionGuid = {60B07265-B802-4AC0-8406-F6BC767A13E9}
	EndGlobalSection
EndGlobal
